// !$*UTF8*$!
{
	archiveVersion = 1;
	classes = {
	};
	objectVersion = 56;
	objects = {

/* Begin PBXBuildFile section */
		A262B53629F86E94003D44FB /* NUEVOELEMENTO.swift in Sources */ = {isa = PBXBuildFile; fileRef = A262B53529F86E94003D44FB /* NUEVOELEMENTO.swift */; };
		A28DCEE629F0885800EE4C1B /* TableViewCellBichitos.swift in Sources */ = {isa = PBXBuildFile; fileRef = A28DCEE529F0885800EE4C1B /* TableViewCellBichitos.swift */; };
		A28DCEE829F08B8100EE4C1B /* TableViewControllerBichitos.swift in Sources */ = {isa = PBXBuildFile; fileRef = A28DCEE729F08B8100EE4C1B /* TableViewControllerBichitos.swift */; };
		A293165D29E744C7000DFE35 /* AppDelegate.swift in Sources */ = {isa = PBXBuildFile; fileRef = A293165C29E744C7000DFE35 /* AppDelegate.swift */; };
		A293165F29E744C7000DFE35 /* SceneDelegate.swift in Sources */ = {isa = PBXBuildFile; fileRef = A293165E29E744C7000DFE35 /* SceneDelegate.swift */; };
		A293166129E744C7000DFE35 /* ViewController.swift in Sources */ = {isa = PBXBuildFile; fileRef = A293166029E744C7000DFE35 /* ViewController.swift */; };
		A293166429E744C7000DFE35 /* Main.storyboard in Resources */ = {isa = PBXBuildFile; fileRef = A293166229E744C7000DFE35 /* Main.storyboard */; };
		A293166629E744CE000DFE35 /* Assets.xcassets in Resources */ = {isa = PBXBuildFile; fileRef = A293166529E744CE000DFE35 /* Assets.xcassets */; };
		A293166929E744CE000DFE35 /* LaunchScreen.storyboard in Resources */ = {isa = PBXBuildFile; fileRef = A293166729E744CE000DFE35 /* LaunchScreen.storyboard */; };
/* End PBXBuildFile section */

/* Begin PBXFileReference section */
		A262B53529F86E94003D44FB /* NUEVOELEMENTO.swift */ = {isa = PBXFileReference; lastKnownFileType = sourcecode.swift; path = NUEVOELEMENTO.swift; sourceTree = "<group>"; };
		A28DCEE529F0885800EE4C1B /* TableViewCellBichitos.swift */ = {isa = PBXFileReference; lastKnownFileType = sourcecode.swift; path = TableViewCellBichitos.swift; sourceTree = "<group>"; };
		A28DCEE729F08B8100EE4C1B /* TableViewControllerBichitos.swift */ = {isa = PBXFileReference; lastKnownFileType = sourcecode.swift; path = TableViewControllerBichitos.swift; sourceTree = "<group>"; };
		A293165929E744C7000DFE35 /* Yolcatzin.app */ = {isa = PBXFileReference; explicitFileType = wrapper.application; includeInIndex = 0; path = Yolcatzin.app; sourceTree = BUILT_PRODUCTS_DIR; };
		A293165C29E744C7000DFE35 /* AppDelegate.swift */ = {isa = PBXFileReference; lastKnownFileType = sourcecode.swift; path = AppDelegate.swift; sourceTree = "<group>"; };
		A293165E29E744C7000DFE35 /* SceneDelegate.swift */ = {isa = PBXFileReference; lastKnownFileType = sourcecode.swift; path = SceneDelegate.swift; sourceTree = "<group>"; };
		A293166029E744C7000DFE35 /* ViewController.swift */ = {isa = PBXFileReference; lastKnownFileType = sourcecode.swift; path = ViewController.swift; sourceTree = "<group>"; };
		A293166329E744C7000DFE35 /* Base */ = {isa = PBXFileReference; lastKnownFileType = file.storyboard; name = Base; path = Base.lproj/Main.storyboard; sourceTree = "<group>"; };
		A293166529E744CE000DFE35 /* Assets.xcassets */ = {isa = PBXFileReference; lastKnownFileType = folder.assetcatalog; path = Assets.xcassets; sourceTree = "<group>"; };
		A293166829E744CE000DFE35 /* Base */ = {isa = PBXFileReference; lastKnownFileType = file.storyboard; name = Base; path = Base.lproj/LaunchScreen.storyboard; sourceTree = "<group>"; };
		A293166A29E744CE000DFE35 /* Info.plist */ = {isa = PBXFileReference; lastKnownFileType = text.plist.xml; path = Info.plist; sourceTree = "<group>"; };
/* End PBXFileReference section */

/* Begin PBXFrameworksBuildPhase section */
		A293165629E744C7000DFE35 /* Frameworks */ = {
			isa = PBXFrameworksBuildPhase;
			buildActionMask = 2147483647;
			files = (
			);
			runOnlyForDeploymentPostprocessing = 0;
		};
/* End PBXFrameworksBuildPhase section */

/* Begin PBXGroup section */
		A293165029E744C7000DFE35 = {
			isa = PBXGroup;
			children = (
				A293165B29E744C7000DFE35 /* Yolcatzin */,
				A293165A29E744C7000DFE35 /* Products */,
			);
			sourceTree = "<group>";
		};
		A293165A29E744C7000DFE35 /* Products */ = {
			isa = PBXGroup;
			children = (
				A293165929E744C7000DFE35 /* Yolcatzin.app */,
			);
			name = Products;
			sourceTree = "<group>";
		};
		A293165B29E744C7000DFE35 /* Yolcatzin */ = {
			isa = PBXGroup;
			children = (
				A293165C29E744C7000DFE35 /* AppDelegate.swift */,
				A293165E29E744C7000DFE35 /* SceneDelegate.swift */,
				A293166029E744C7000DFE35 /* ViewController.swift */,
				A293166229E744C7000DFE35 /* Main.storyboard */,
				A28DCEE729F08B8100EE4C1B /* TableViewControllerBichitos.swift */,
				A28DCEE529F0885800EE4C1B /* TableViewCellBichitos.swift */,
				A262B53529F86E94003D44FB /* NUEVOELEMENTO.swift */,
				A293166529E744CE000DFE35 /* Assets.xcassets */,
				A293166729E744CE000DFE35 /* LaunchScreen.storyboard */,
				A293166A29E744CE000DFE35 /* Info.plist */,
			);
			path = Yolcatzin;
			sourceTree = "<group>";
		};
/* End PBXGroup section */

/* Begin PBXNativeTarget section */
		A293165829E744C7000DFE35 /* Yolcatzin */ = {
			isa = PBXNativeTarget;
			buildConfigurationList = A293166D29E744CE000DFE35 /* Build configuration list for PBXNativeTarget "Yolcatzin" */;
			buildPhases = (
				A293165529E744C7000DFE35 /* Sources */,
				A293165629E744C7000DFE35 /* Frameworks */,
				A293165729E744C7000DFE35 /* Resources */,
			);
			buildRules = (
			);
			dependencies = (
			);
			name = Yolcatzin;
			productName = Yolcatzin;
			productReference = A293165929E744C7000DFE35 /* Yolcatzin.app */;
			productType = "com.apple.product-type.application";
		};
/* End PBXNativeTarget section */

/* Begin PBXProject section */
		A293165129E744C7000DFE35 /* Project object */ = {
			isa = PBXProject;
			attributes = {
				BuildIndependentTargetsInParallel = 1;
				LastSwiftUpdateCheck = 1430;
				LastUpgradeCheck = 1430;
				TargetAttributes = {
					A293165829E744C7000DFE35 = {
						CreatedOnToolsVersion = 14.3;
					};
				};
			};
			buildConfigurationList = A293165429E744C7000DFE35 /* Build configuration list for PBXProject "Yolcatzin" */;
			compatibilityVersion = "Xcode 14.0";
			developmentRegion = en;
			hasScannedForEncodings = 0;
			knownRegions = (
				en,
				Base,
			);
			mainGroup = A293165029E744C7000DFE35;
			productRefGroup = A293165A29E744C7000DFE35 /* Products */;
			projectDirPath = "";
			projectRoot = "";
			targets = (
				A293165829E744C7000DFE35 /* Yolcatzin */,
			);
		};
/* End PBXProject section */

/* Begin PBXResourcesBuildPhase section */
		A293165729E744C7000DFE35 /* Resources */ = {
			isa = PBXResourcesBuildPhase;
			buildActionMask = 2147483647;
			files = (
				A293166929E744CE000DFE35 /* LaunchScreen.storyboard in Resources */,
				A293166629E744CE000DFE35 /* Assets.xcassets in Resources */,
				A293166429E744C7000DFE35 /* Main.storyboard in Resources */,
			);
			runOnlyForDeploymentPostprocessing = 0;
		};
/* End PBXResourcesBuildPhase section */

/* Begin PBXSourcesBuildPhase section */
		A293165529E744C7000DFE35 /* Sources */ = {
			isa = PBXSourcesBuildPhase;
			buildActionMask = 2147483647;
			files = (
				A293166129E744C7000DFE35 /* ViewController.swift in Sources */,
				A28DCEE829F08B8100EE4C1B /* TableViewControllerBichitos.swift in Sources */,
				A293165D29E744C7000DFE35 /* AppDelegate.swift in Sources */,
				A28DCEE629F0885800EE4C1B /* TableViewCellBichitos.swift in Sources */,
				A262B53629F86E94003D44FB /* NUEVOELEMENTO.swift in Sources */,
				A293165F29E744C7000DFE35 /* SceneDelegate.swift in Sources */,
			);
			runOnlyForDeploymentPostprocessing = 0;
		};
/* End PBXSourcesBuildPhase section */

/* Begin PBXVariantGroup section */
		A293166229E744C7000DFE35 /* Main.storyboard */ = {
			isa = PBXVariantGroup;
			children = (
				A293166329E744C7000DFE35 /* Base */,
			);
			name = Main.storyboard;
			sourceTree = "<group>";
		};
		A293166729E744CE000DFE35 /* LaunchScreen.storyboard */ = {
			isa = PBXVariantGroup;
			children = (
				A293166829E744CE000DFE35 /* Base */,
			);
			name = LaunchScreen.storyboard;
			sourceTree = "<group>";
		};
/* End PBXVariantGroup section */

/* Begin XCBuildConfiguration section */
		A293166B29E744CE000DFE35 /* Debug */ = {
			isa = XCBuildConfiguration;
			buildSettings = {
				ALWAYS_SEARCH_USER_PATHS = NO;
				CLANG_ANALYZER_NONNULL = YES;
				CLANG_ANALYZER_NUMBER_OBJECT_CONVERSION = YES_AGGRESSIVE;
				CLANG_CXX_LANGUAGE_STANDARD = "gnu++20";
				CLANG_ENABLE_MODULES = YES;
				CLANG_ENABLE_OBJC_ARC = YES;
				CLANG_ENABLE_OBJC_WEAK = YES;
				CLANG_WARN_BLOCK_CAPTURE_AUTORELEASING = YES;
				CLANG_WARN_BOOL_CONVERSION = YES;
				CLANG_WARN_COMMA = YES;
				CLANG_WARN_CONSTANT_CONVERSION = YES;
				CLANG_WARN_DEPRECATED_OBJC_IMPLEMENTATIONS = YES;
				CLANG_WARN_DIRECT_OBJC_ISA_USAGE = YES_ERROR;
				CLANG_WARN_DOCUMENTATION_COMMENTS = YES;
				CLANG_WARN_EMPTY_BODY = YES;
				CLANG_WARN_ENUM_CONVERSION = YES;
				CLANG_WARN_INFINITE_RECURSION = YES;
				CLANG_WARN_INT_CONVERSION = YES;
				CLANG_WARN_NON_LITERAL_NULL_CONVERSION = YES;
				CLANG_WARN_OBJC_IMPLICIT_RETAIN_SELF = YES;
				CLANG_WARN_OBJC_LITERAL_CONVERSION = YES;
				CLANG_WARN_OBJC_ROOT_CLASS = YES_ERROR;
				CLANG_WARN_QUOTED_INCLUDE_IN_FRAMEWORK_HEADER = YES;
				CLANG_WARN_RANGE_LOOP_ANALYSIS = YES;
				CLANG_WARN_STRICT_PROTOTYPES = YES;
				CLANG_WARN_SUSPICIOUS_MOVE = YES;
				CLANG_WARN_UNGUARDED_AVAILABILITY = YES_AGGRESSIVE;
				CLANG_WARN_UNREACHABLE_CODE = YES;
				CLANG_WARN__DUPLICATE_METHOD_MATCH = YES;
				COPY_PHASE_STRIP = NO;
				DEBUG_INFORMATION_FORMAT = dwarf;
				ENABLE_STRICT_OBJC_MSGSEND = YES;
				ENABLE_TESTABILITY = YES;
				GCC_C_LANGUAGE_STANDARD = gnu11;
				GCC_DYNAMIC_NO_PIC = NO;
				GCC_NO_COMMON_BLOCKS = YES;
				GCC_OPTIMIZATION_LEVEL = 0;
				GCC_PREPROCESSOR_DEFINITIONS = (
					"DEBUG=1",
					"$(inherited)",
				);
				GCC_WARN_64_TO_32_BIT_CONVERSION = YES;
				GCC_WARN_ABOUT_RETURN_TYPE = YES_ERROR;
				GCC_WARN_UNDECLARED_SELECTOR = YES;
				GCC_WARN_UNINITIALIZED_AUTOS = YES_AGGRESSIVE;
				GCC_WARN_UNUSED_FUNCTION = YES;
				GCC_WARN_UNUSED_VARIABLE = YES;
				IPHONEOS_DEPLOYMENT_TARGET = 16.4;
				MTL_ENABLE_DEBUG_INFO = INCLUDE_SOURCE;
				MTL_FAST_MATH = YES;
				ONLY_ACTIVE_ARCH = YES;
				SDKROOT = iphoneos;
				SWIFT_ACTIVE_COMPILATION_CONDITIONS = DEBUG;
				SWIFT_OPTIMIZATION_LEVEL = "-Onone";
			};
			name = Debug;
		};
		A293166C29E744CE000DFE35 /* Release */ = {
			isa = XCBuildConfiguration;
			buildSettings = {
				ALWAYS_SEARCH_USER_PATHS = NO;
				CLANG_ANALYZER_NONNULL = YES;
				CLANG_ANALYZER_NUMBER_OBJECT_CONVERSION = YES_AGGRESSIVE;
				CLANG_CXX_LANGUAGE_STANDARD = "gnu++20";
				CLANG_ENABLE_MODULES = YES;
				CLANG_ENABLE_OBJC_ARC = YES;
				CLANG_ENABLE_OBJC_WEAK = YES;
				CLANG_WARN_BLOCK_CAPTURE_AUTORELEASING = YES;
				CLANG_WARN_BOOL_CONVERSION = YES;
				CLANG_WARN_COMMA = YES;
				CLANG_WARN_CONSTANT_CONVERSION = YES;
				CLANG_WARN_DEPRECATED_OBJC_IMPLEMENTATIONS = YES;
				CLANG_WARN_DIRECT_OBJC_ISA_USAGE = YES_ERROR;
				CLANG_WARN_DOCUMENTATION_COMMENTS = YES;
				CLANG_WARN_EMPTY_BODY = YES;
				CLANG_WARN_ENUM_CONVERSION = YES;
				CLANG_WARN_INFINITE_RECURSION = YES;
				CLANG_WARN_INT_CONVERSION = YES;
				CLANG_WARN_NON_LITERAL_NULL_CONVERSION = YES;
				CLANG_WARN_OBJC_IMPLICIT_RETAIN_SELF = YES;
				CLANG_WARN_OBJC_LITERAL_CONVERSION = YES;
				CLANG_WARN_OBJC_ROOT_CLASS = YES_ERROR;
				CLANG_WARN_QUOTED_INCLUDE_IN_FRAMEWORK_HEADER = YES;
				CLANG_WARN_RANGE_LOOP_ANALYSIS = YES;
				CLANG_WARN_STRICT_PROTOTYPES = YES;
				CLANG_WARN_SUSPICIOUS_MOVE = YES;
				CLANG_WARN_UNGUARDED_AVAILABILITY = YES_AGGRESSIVE;
				CLANG_WARN_UNREACHABLE_CODE = YES;
				CLANG_WARN__DUPLICATE_METHOD_MATCH = YES;
				COPY_PHASE_STRIP = NO;
				DEBUG_INFORMATION_FORMAT = "dwarf-with-dsym";
				ENABLE_NS_ASSERTIONS = NO;
				ENABLE_STRICT_OBJC_MSGSEND = YES;
				GCC_C_LANGUAGE_STANDARD = gnu11;
				GCC_NO_COMMON_BLOCKS = YES;
				GCC_WARN_64_TO_32_BIT_CONVERSION = YES;
				GCC_WARN_ABOUT_RETURN_TYPE = YES_ERROR;
				GCC_WARN_UNDECLARED_SELECTOR = YES;
				GCC_WARN_UNINITIALIZED_AUTOS = YES_AGGRESSIVE;
				GCC_WARN_UNUSED_FUNCTION = YES;
				GCC_WARN_UNUSED_VARIABLE = YES;
				IPHONEOS_DEPLOYMENT_TARGET = 16.4;
				MTL_ENABLE_DEBUG_INFO = NO;
				MTL_FAST_MATH = YES;
				SDKROOT = iphoneos;
				SWIFT_COMPILATION_MODE = wholemodule;
				SWIFT_OPTIMIZATION_LEVEL = "-O";
				VALIDATE_PRODUCT = YES;
			};
			name = Release;
		};
		A293166E29E744CE000DFE35 /* Debug */ = {
			isa = XCBuildConfiguration;
			buildSettings = {
				ASSETCATALOG_COMPILER_APPICON_NAME = AppIcon;
				ASSETCATALOG_COMPILER_GLOBAL_ACCENT_COLOR_NAME = AccentColor;
				CODE_SIGN_STYLE = Automatic;
				CURRENT_PROJECT_VERSION = 1;
				GENERATE_INFOPLIST_FILE = YES;
				INFOPLIST_FILE = Yolcatzin/Info.plist;
				INFOPLIST_KEY_UIApplicationSupportsIndirectInputEvents = YES;
				INFOPLIST_KEY_UILaunchStoryboardName = LaunchScreen;
				INFOPLIST_KEY_UIMainStoryboardFile = Main;
				INFOPLIST_KEY_UISupportedInterfaceOrientations_iPad = "UIInterfaceOrientationPortrait UIInterfaceOrientationPortraitUpsideDown UIInterfaceOrientationLandscapeLeft UIInterfaceOrientationLandscapeRight";
				INFOPLIST_KEY_UISupportedInterfaceOrientations_iPhone = "UIInterfaceOrientationPortrait UIInterfaceOrientationLandscapeLeft UIInterfaceOrientationLandscapeRight";
				LD_RUNPATH_SEARCH_PATHS = (
					"$(inherited)",
					"@executable_path/Frameworks",
				);
				MARKETING_VERSION = 1.0;
				PRODUCT_BUNDLE_IDENTIFIER = com.fca.ios.Yolcatzin;
				PRODUCT_NAME = "$(TARGET_NAME)";
				SWIFT_EMIT_LOC_STRINGS = YES;
				SWIFT_VERSION = 5.0;
				TARGETED_DEVICE_FAMILY = "1,2";
			};
			name = Debug;
		};
		A293166F29E744CE000DFE35 /* Release */ = {
			isa = XCBuildConfiguration;
			buildSettings = {
				ASSETCATALOG_COMPILER_APPICON_NAME = AppIcon;
				ASSETCATALOG_COMPILER_GLOBAL_ACCENT_COLOR_NAME = AccentColor;
				CODE_SIGN_STYLE = Automatic;
				CURRENT_PROJECT_VERSION = 1;
				GENERATE_INFOPLIST_FILE = YES;
				INFOPLIST_FILE = Yolcatzin/Info.plist;
				INFOPLIST_KEY_UIApplicationSupportsIndirectInputEvents = YES;
				INFOPLIST_KEY_UILaunchStoryboardName = LaunchScreen;
				INFOPLIST_KEY_UIMainStoryboardFile = Main;
				INFOPLIST_KEY_UISupportedInterfaceOrientations_iPad = "UIInterfaceOrientationPortrait UIInterfaceOrientationPortraitUpsideDown UIInterfaceOrientationLandscapeLeft UIInterfaceOrientationLandscapeRight";
				INFOPLIST_KEY_UISupportedInterfaceOrientations_iPhone = "UIInterfaceOrientationPortrait UIInterfaceOrientationLandscapeLeft UIInterfaceOrientationLandscapeRight";
				LD_RUNPATH_SEARCH_PATHS = (
					"$(inherited)",
					"@executable_path/Frameworks",
				);
				MARKETING_VERSION = 1.0;
				PRODUCT_BUNDLE_IDENTIFIER = com.fca.ios.Yolcatzin;
				PRODUCT_NAME = "$(TARGET_NAME)";
				SWIFT_EMIT_LOC_STRINGS = YES;
				SWIFT_VERSION = 5.0;
				TARGETED_DEVICE_FAMILY = "1,2";
			};
			name = Release;
		};
/* End XCBuildConfiguration section */

/* Begin XCConfigurationList section */
		A293165429E744C7000DFE35 /* Build configuration list for PBXProject "Yolcatzin" */ = {
			isa = XCConfigurationList;
			buildConfigurations = (
				A293166B29E744CE000DFE35 /* Debug */,
				A293166C29E744CE000DFE35 /* Release */,
			);
			defaultConfigurationIsVisible = 0;
			defaultConfigurationName = Release;
		};
		A293166D29E744CE000DFE35 /* Build configuration list for PBXNativeTarget "Yolcatzin" */ = {
			isa = XCConfigurationList;
			buildConfigurations = (
				A293166E29E744CE000DFE35 /* Debug */,
				A293166F29E744CE000DFE35 /* Release */,
			);
			defaultConfigurationIsVisible = 0;
			defaultConfigurationName = Release;
		};
/* End XCConfigurationList section */
	};
	rootObject = A293165129E744C7000DFE35 /* Project object */;
}
